
Microsoft Visual Studio Solution File, Format Version 12.00
# Visual Studio Version 17
VisualStudioVersion = 17.4.33122.133
MinimumVisualStudioVersion = 10.0.40219.1
Project("{FAE04EC0-301F-11D3-BF4B-00C04F79EFBC}") = "Lab1List", "Lab1List\Lab1List.csproj", "{414CEEF7-5A76-4812-B03B-A240B0BA8A93}"
EndProject
Global
	GlobalSection(SolutionConfigurationPlatforms) = preSolution
		Debug|Any CPU = Debug|Any CPU
		Release|Any CPU = Release|Any CPU
	EndGlobalSection
	GlobalSection(ProjectConfigurationPlatforms) = postSolution
		{414CEEF7-5A76-4812-B03B-A240B0BA8A93}.Debug|Any CPU.ActiveCfg = Debug|Any CPU
		{414CEEF7-5A76-4812-B03B-A240B0BA8A93}.Debug|Any CPU.Build.0 = Debug|Any CPU
		{414CEEF7-5A76-4812-B03B-A240B0BA8A93}.Release|Any CPU.ActiveCfg = Release|Any CPU
		{414CEEF7-5A76-4812-B03B-A240B0BA8A93}.Release|Any CPU.Build.0 = Release|Any CPU
	EndGlobalSection
	GlobalSection(SolutionProperties) = preSolution
		HideSolutionNode = FALSE
	EndGlobalSection
	GlobalSection(ExtensibilityGlobals) = postSolution
		SolutionGuid = {0545E104-D8A1-47E7-B7B8-8A05EADA466F}
	EndGlobalSection
EndGlobal
